
Microsoft Visual Studio Solution File, Format Version 12.00
# Visual Studio Version 16
VisualStudioVersion = 16.0.29613.14
MinimumVisualStudioVersion = 10.0.40219.1
Project("{FAE04EC0-301F-11D3-BF4B-00C04F79EFBC}") = "pract-14", "pract-13\pract-14.csproj", "{1DD333DC-127D-4EEB-8F5F-7070CB20C779}"
EndProject
Project("{FAE04EC0-301F-11D3-BF4B-00C04F79EFBC}") = "libmass", "libmass\libmass.csproj", "{B5C06B42-1386-4E37-BD62-3BF795AC29C2}"
EndProject
Project("{FAE04EC0-301F-11D3-BF4B-00C04F79EFBC}") = "findcolumns", "findcolumns\findcolumns.csproj", "{78766181-F59B-40CF-BEB5-0413A1EE189E}"
EndProject
Global
	GlobalSection(SolutionConfigurationPlatforms) = preSolution
		Debug|Any CPU = Debug|Any CPU
		Release|Any CPU = Release|Any CPU
	EndGlobalSection
	GlobalSection(ProjectConfigurationPlatforms) = postSolution
		{1DD333DC-127D-4EEB-8F5F-7070CB20C779}.Debug|Any CPU.ActiveCfg = Debug|Any CPU
		{1DD333DC-127D-4EEB-8F5F-7070CB20C779}.Debug|Any CPU.Build.0 = Debug|Any CPU
		{1DD333DC-127D-4EEB-8F5F-7070CB20C779}.Release|Any CPU.ActiveCfg = Release|Any CPU
		{1DD333DC-127D-4EEB-8F5F-7070CB20C779}.Release|Any CPU.Build.0 = Release|Any CPU
		{B5C06B42-1386-4E37-BD62-3BF795AC29C2}.Debug|Any CPU.ActiveCfg = Debug|Any CPU
		{B5C06B42-1386-4E37-BD62-3BF795AC29C2}.Debug|Any CPU.Build.0 = Debug|Any CPU
		{B5C06B42-1386-4E37-BD62-3BF795AC29C2}.Release|Any CPU.ActiveCfg = Release|Any CPU
		{B5C06B42-1386-4E37-BD62-3BF795AC29C2}.Release|Any CPU.Build.0 = Release|Any CPU
		{78766181-F59B-40CF-BEB5-0413A1EE189E}.Debug|Any CPU.ActiveCfg = Debug|Any CPU
		{78766181-F59B-40CF-BEB5-0413A1EE189E}.Debug|Any CPU.Build.0 = Debug|Any CPU
		{78766181-F59B-40CF-BEB5-0413A1EE189E}.Release|Any CPU.ActiveCfg = Release|Any CPU
		{78766181-F59B-40CF-BEB5-0413A1EE189E}.Release|Any CPU.Build.0 = Release|Any CPU
	EndGlobalSection
	GlobalSection(SolutionProperties) = preSolution
		HideSolutionNode = FALSE
	EndGlobalSection
	GlobalSection(ExtensibilityGlobals) = postSolution
		SolutionGuid = {5D8822EC-6555-47EE-B957-324336659046}
	EndGlobalSection
EndGlobal
